
Microsoft Visual Studio Solution File, Format Version 12.00
# Visual Studio Version 16
VisualStudioVersion = 16.0.30104.148
MinimumVisualStudioVersion = 10.0.40219.1
Project("{9A19103F-16F7-4668-BE54-9A1E7A4F7556}") = "Common", "Common\Common.csproj", "{CC314D6B-0CC6-44EB-BCAF-3585144F2880}"
EndProject
Project("{FAE04EC0-301F-11D3-BF4B-00C04F79EFBC}") = "Service", "Service\Service.csproj", "{A8E1E9E1-8800-428E-86E3-E8C902AB6CAE}"
EndProject
Project("{930C7802-8A8C-48F9-8165-68863BCCD9DD}") = "Installer", "Installer\Installer.wixproj", "{C6ED8492-3E9E-4B24-89A9-DB49E4733687}"
EndProject
Global
	GlobalSection(SolutionConfigurationPlatforms) = preSolution
		Debug|Any CPU = Debug|Any CPU
		Debug|x86 = Debug|x86
		Release|Any CPU = Release|Any CPU
		Release|x86 = Release|x86
	EndGlobalSection
	GlobalSection(ProjectConfigurationPlatforms) = postSolution
		{CC314D6B-0CC6-44EB-BCAF-3585144F2880}.Debug|Any CPU.ActiveCfg = Debug|Any CPU
		{CC314D6B-0CC6-44EB-BCAF-3585144F2880}.Debug|Any CPU.Build.0 = Debug|Any CPU
		{CC314D6B-0CC6-44EB-BCAF-3585144F2880}.Debug|x86.ActiveCfg = Debug|Any CPU
		{CC314D6B-0CC6-44EB-BCAF-3585144F2880}.Debug|x86.Build.0 = Debug|Any CPU
		{CC314D6B-0CC6-44EB-BCAF-3585144F2880}.Release|Any CPU.ActiveCfg = Release|Any CPU
		{CC314D6B-0CC6-44EB-BCAF-3585144F2880}.Release|Any CPU.Build.0 = Release|Any CPU
		{CC314D6B-0CC6-44EB-BCAF-3585144F2880}.Release|x86.ActiveCfg = Release|Any CPU
		{CC314D6B-0CC6-44EB-BCAF-3585144F2880}.Release|x86.Build.0 = Release|Any CPU
		{A8E1E9E1-8800-428E-86E3-E8C902AB6CAE}.Debug|Any CPU.ActiveCfg = Debug|Any CPU
		{A8E1E9E1-8800-428E-86E3-E8C902AB6CAE}.Debug|Any CPU.Build.0 = Debug|Any CPU
		{A8E1E9E1-8800-428E-86E3-E8C902AB6CAE}.Debug|x86.ActiveCfg = Debug|Any CPU
		{A8E1E9E1-8800-428E-86E3-E8C902AB6CAE}.Debug|x86.Build.0 = Debug|Any CPU
		{A8E1E9E1-8800-428E-86E3-E8C902AB6CAE}.Release|Any CPU.ActiveCfg = Release|Any CPU
		{A8E1E9E1-8800-428E-86E3-E8C902AB6CAE}.Release|Any CPU.Build.0 = Release|Any CPU
		{A8E1E9E1-8800-428E-86E3-E8C902AB6CAE}.Release|x86.ActiveCfg = Release|Any CPU
		{A8E1E9E1-8800-428E-86E3-E8C902AB6CAE}.Release|x86.Build.0 = Release|Any CPU
		{C6ED8492-3E9E-4B24-89A9-DB49E4733687}.Debug|Any CPU.ActiveCfg = Debug|x86
		{C6ED8492-3E9E-4B24-89A9-DB49E4733687}.Debug|x86.ActiveCfg = Debug|x86
		{C6ED8492-3E9E-4B24-89A9-DB49E4733687}.Debug|x86.Build.0 = Debug|x86
		{C6ED8492-3E9E-4B24-89A9-DB49E4733687}.Release|Any CPU.ActiveCfg = Release|x86
		{C6ED8492-3E9E-4B24-89A9-DB49E4733687}.Release|x86.ActiveCfg = Release|x86
		{C6ED8492-3E9E-4B24-89A9-DB49E4733687}.Release|x86.Build.0 = Release|x86
	EndGlobalSection
	GlobalSection(SolutionProperties) = preSolution
		HideSolutionNode = FALSE
	EndGlobalSection
	GlobalSection(ExtensibilityGlobals) = postSolution
		SolutionGuid = {D3D6FEE7-B263-4041-85E6-9DBD8DC441C3}
	EndGlobalSection
EndGlobal
